
Microsoft Visual Studio Solution File, Format Version 12.00
# Visual Studio Version 16
VisualStudioVersion = 16.0.29319.158
MinimumVisualStudioVersion = 10.0.40219.1
Project("{FAE04EC0-301F-11D3-BF4B-00C04F79EFBC}") = "megalink", "megalink\megalink.csproj", "{7E26F9AA-BDD3-4609-9BF3-125E5FB3E4A1}"
EndProject
Global
	GlobalSection(SolutionConfigurationPlatforms) = preSolution
		Debug|Any CPU = Debug|Any CPU
		Release|Any CPU = Release|Any CPU
	EndGlobalSection
	GlobalSection(ProjectConfigurationPlatforms) = postSolution
		{7E26F9AA-BDD3-4609-9BF3-125E5FB3E4A1}.Debug|Any CPU.ActiveCfg = Debug|Any CPU
		{7E26F9AA-BDD3-4609-9BF3-125E5FB3E4A1}.Debug|Any CPU.Build.0 = Debug|Any CPU
		{7E26F9AA-BDD3-4609-9BF3-125E5FB3E4A1}.Release|Any CPU.ActiveCfg = Release|Any CPU
		{7E26F9AA-BDD3-4609-9BF3-125E5FB3E4A1}.Release|Any CPU.Build.0 = Release|Any CPU
	EndGlobalSection
	GlobalSection(SolutionProperties) = preSolution
		HideSolutionNode = FALSE
	EndGlobalSection
	GlobalSection(ExtensibilityGlobals) = postSolution
		SolutionGuid = {0F2CE5F6-0A9A-4F80-88AB-062862942292}
	EndGlobalSection
EndGlobal
